// !$*UTF8*$!
{
	archiveVersion = 1;
	classes = {
	};
	objectVersion = 52;
	objects = {

/* Begin PBXBuildFile section */
		A704C7C526F1B66B0032CA29 /* MovieCell.swift in Sources */ = {isa = PBXBuildFile; fileRef = A704C7C426F1B66B0032CA29 /* MovieCell.swift */; };
		A704C7CB26F1C2C00032CA29 /* AlamofireImage in Frameworks */ = {isa = PBXBuildFile; productRef = A704C7CA26F1C2C00032CA29 /* AlamofireImage */; };
		A7F628F326F19ADF00106F3E /* AppDelegate.swift in Sources */ = {isa = PBXBuildFile; fileRef = A7F628F226F19ADF00106F3E /* AppDelegate.swift */; };
		A7F628F526F19ADF00106F3E /* SceneDelegate.swift in Sources */ = {isa = PBXBuildFile; fileRef = A7F628F426F19ADF00106F3E /* SceneDelegate.swift */; };
		A7F628F726F19ADF00106F3E /* MoviesViewController.swift in Sources */ = {isa = PBXBuildFile; fileRef = A7F628F626F19ADF00106F3E /* MoviesViewController.swift */; };
		A7F628FA26F19ADF00106F3E /* Main.storyboard in Resources */ = {isa = PBXBuildFile; fileRef = A7F628F826F19ADF00106F3E /* Main.storyboard */; };
		A7F628FC26F19AEC00106F3E /* Assets.xcassets in Resources */ = {isa = PBXBuildFile; fileRef = A7F628FB26F19AEC00106F3E /* Assets.xcassets */; };
		A7F628FF26F19AEC00106F3E /* LaunchScreen.storyboard in Resources */ = {isa = PBXBuildFile; fileRef = A7F628FD26F19AEC00106F3E /* LaunchScreen.storyboard */; };
		A7F6290A26F19AED00106F3E /* FlixTests.swift in Sources */ = {isa = PBXBuildFile; fileRef = A7F6290926F19AED00106F3E /* FlixTests.swift */; };
		A7F6291526F19AED00106F3E /* FlixUITests.swift in Sources */ = {isa = PBXBuildFile; fileRef = A7F6291426F19AED00106F3E /* FlixUITests.swift */; };
/* End PBXBuildFile section */

/* Begin PBXContainerItemProxy section */
		A7F6290626F19AED00106F3E /* PBXContainerItemProxy */ = {
			isa = PBXContainerItemProxy;
			containerPortal = A7F628E726F19ADE00106F3E /* Project object */;
			proxyType = 1;
			remoteGlobalIDString = A7F628EE26F19ADF00106F3E;
			remoteInfo = Flix;
		};
		A7F6291126F19AED00106F3E /* PBXContainerItemProxy */ = {
			isa = PBXContainerItemProxy;
			containerPortal = A7F628E726F19ADE00106F3E /* Project object */;
			proxyType = 1;
			remoteGlobalIDString = A7F628EE26F19ADF00106F3E;
			remoteInfo = Flix;
		};
/* End PBXContainerItemProxy section */

/* Begin PBXFileReference section */
		A704C7C426F1B66B0032CA29 /* MovieCell.swift */ = {isa = PBXFileReference; lastKnownFileType = sourcecode.swift; path = MovieCell.swift; sourceTree = "<group>"; };
		A7F628EF26F19ADF00106F3E /* Flix.app */ = {isa = PBXFileReference; explicitFileType = wrapper.application; includeInIndex = 0; path = Flix.app; sourceTree = BUILT_PRODUCTS_DIR; };
		A7F628F226F19ADF00106F3E /* AppDelegate.swift */ = {isa = PBXFileReference; lastKnownFileType = sourcecode.swift; path = AppDelegate.swift; sourceTree = "<group>"; };
		A7F628F426F19ADF00106F3E /* SceneDelegate.swift */ = {isa = PBXFileReference; lastKnownFileType = sourcecode.swift; path = SceneDelegate.swift; sourceTree = "<group>"; };
		A7F628F626F19ADF00106F3E /* MoviesViewController.swift */ = {isa = PBXFileReference; lastKnownFileType = sourcecode.swift; path = MoviesViewController.swift; sourceTree = "<group>"; };
		A7F628F926F19ADF00106F3E /* Base */ = {isa = PBXFileReference; lastKnownFileType = file.storyboard; name = Base; path = Base.lproj/Main.storyboard; sourceTree = "<group>"; };
		A7F628FB26F19AEC00106F3E /* Assets.xcassets */ = {isa = PBXFileReference; lastKnownFileType = folder.assetcatalog; path = Assets.xcassets; sourceTree = "<group>"; };
		A7F628FE26F19AEC00106F3E /* Base */ = {isa = PBXFileReference; lastKnownFileType = file.storyboard; name = Base; path = Base.lproj/LaunchScreen.storyboard; sourceTree = "<group>"; };
		A7F6290026F19AEC00106F3E /* Info.plist */ = {isa = PBXFileReference; lastKnownFileType = text.plist.xml; path = Info.plist; sourceTree = "<group>"; };
		A7F6290526F19AED00106F3E /* FlixTests.xctest */ = {isa = PBXFileReference; explicitFileType = wrapper.cfbundle; includeInIndex = 0; path = FlixTests.xctest; sourceTree = BUILT_PRODUCTS_DIR; };
		A7F6290926F19AED00106F3E /* FlixTests.swift */ = {isa = PBXFileReference; lastKnownFileType = sourcecode.swift; path = FlixTests.swift; sourceTree = "<group>"; };
		A7F6290B26F19AED00106F3E /* Info.plist */ = {isa = PBXFileReference; lastKnownFileType = text.plist.xml; path = Info.plist; sourceTree = "<group>"; };
		A7F6291026F19AED00106F3E /* FlixUITests.xctest */ = {isa = PBXFileReference; explicitFileType = wrapper.cfbundle; includeInIndex = 0; path = FlixUITests.xctest; sourceTree = BUILT_PRODUCTS_DIR; };
		A7F6291426F19AED00106F3E /* FlixUITests.swift */ = {isa = PBXFileReference; lastKnownFileType = sourcecode.swift; path = FlixUITests.swift; sourceTree = "<group>"; };
		A7F6291626F19AED00106F3E /* Info.plist */ = {isa = PBXFileReference; lastKnownFileType = text.plist.xml; path = Info.plist; sourceTree = "<group>"; };
/* End PBXFileReference section */

/* Begin PBXFrameworksBuildPhase section */
		A7F628EC26F19ADF00106F3E /* Frameworks */ = {
			isa = PBXFrameworksBuildPhase;
			buildActionMask = 2147483647;
			files = (
				A704C7CB26F1C2C00032CA29 /* AlamofireImage in Frameworks */,
			);
			runOnlyForDeploymentPostprocessing = 0;
		};
		A7F6290226F19AED00106F3E /* Frameworks */ = {
			isa = PBXFrameworksBuildPhase;
			buildActionMask = 2147483647;
			files = (
			);
			runOnlyForDeploymentPostprocessing = 0;
		};
		A7F6290D26F19AED00106F3E /* Frameworks */ = {
			isa = PBXFrameworksBuildPhase;
			buildActionMask = 2147483647;
			files = (
			);
			runOnlyForDeploymentPostprocessing = 0;
		};
/* End PBXFrameworksBuildPhase section */

/* Begin PBXGroup section */
		A7F628E626F19ADE00106F3E = {
			isa = PBXGroup;
			children = (
				A7F628F126F19ADF00106F3E /* Flix */,
				A7F6290826F19AED00106F3E /* FlixTests */,
				A7F6291326F19AED00106F3E /* FlixUITests */,
				A7F628F026F19ADF00106F3E /* Products */,
			);
			sourceTree = "<group>";
		};
		A7F628F026F19ADF00106F3E /* Products */ = {
			isa = PBXGroup;
			children = (
				A7F628EF26F19ADF00106F3E /* Flix.app */,
				A7F6290526F19AED00106F3E /* FlixTests.xctest */,
				A7F6291026F19AED00106F3E /* FlixUITests.xctest */,
			);
			name = Products;
			sourceTree = "<group>";
		};
		A7F628F126F19ADF00106F3E /* Flix */ = {
			isa = PBXGroup;
			children = (
				A7F628F226F19ADF00106F3E /* AppDelegate.swift */,
				A7F628F426F19ADF00106F3E /* SceneDelegate.swift */,
				A7F628F626F19ADF00106F3E /* MoviesViewController.swift */,
				A704C7C426F1B66B0032CA29 /* MovieCell.swift */,
				A7F628F826F19ADF00106F3E /* Main.storyboard */,
				A7F628FB26F19AEC00106F3E /* Assets.xcassets */,
				A7F628FD26F19AEC00106F3E /* LaunchScreen.storyboard */,
				A7F6290026F19AEC00106F3E /* Info.plist */,
			);
			path = Flix;
			sourceTree = "<group>";
		};
		A7F6290826F19AED00106F3E /* FlixTests */ = {
			isa = PBXGroup;
			children = (
				A7F6290926F19AED00106F3E /* FlixTests.swift */,
				A7F6290B26F19AED00106F3E /* Info.plist */,
			);
			path = FlixTests;
			sourceTree = "<group>";
		};
		A7F6291326F19AED00106F3E /* FlixUITests */ = {
			isa = PBXGroup;
			children = (
				A7F6291426F19AED00106F3E /* FlixUITests.swift */,
				A7F6291626F19AED00106F3E /* Info.plist */,
			);
			path = FlixUITests;
			sourceTree = "<group>";
		};
/* End PBXGroup section */

/* Begin PBXNativeTarget section */
		A7F628EE26F19ADF00106F3E /* Flix */ = {
			isa = PBXNativeTarget;
			buildConfigurationList = A7F6291926F19AED00106F3E /* Build configuration list for PBXNativeTarget "Flix" */;
			buildPhases = (
				A7F628EB26F19ADF00106F3E /* Sources */,
				A7F628EC26F19ADF00106F3E /* Frameworks */,
				A7F628ED26F19ADF00106F3E /* Resources */,
			);
			buildRules = (
			);
			dependencies = (
			);
			name = Flix;
			packageProductDependencies = (
				A704C7CA26F1C2C00032CA29 /* AlamofireImage */,
			);
			productName = Flix;
			productReference = A7F628EF26F19ADF00106F3E /* Flix.app */;
			productType = "com.apple.product-type.application";
		};
		A7F6290426F19AED00106F3E /* FlixTests */ = {
			isa = PBXNativeTarget;
			buildConfigurationList = A7F6291C26F19AED00106F3E /* Build configuration list for PBXNativeTarget "FlixTests" */;
			buildPhases = (
				A7F6290126F19AED00106F3E /* Sources */,
				A7F6290226F19AED00106F3E /* Frameworks */,
				A7F6290326F19AED00106F3E /* Resources */,
			);
			buildRules = (
			);
			dependencies = (
				A7F6290726F19AED00106F3E /* PBXTargetDependency */,
			);
			name = FlixTests;
			productName = FlixTests;
			productReference = A7F6290526F19AED00106F3E /* FlixTests.xctest */;
			productType = "com.apple.product-type.bundle.unit-test";
		};
		A7F6290F26F19AED00106F3E /* FlixUITests */ = {
			isa = PBXNativeTarget;
			buildConfigurationList = A7F6291F26F19AED00106F3E /* Build configuration list for PBXNativeTarget "FlixUITests" */;
			buildPhases = (
				A7F6290C26F19AED00106F3E /* Sources */,
				A7F6290D26F19AED00106F3E /* Frameworks */,
				A7F6290E26F19AED00106F3E /* Resources */,
			);
			buildRules = (
			);
			dependencies = (
				A7F6291226F19AED00106F3E /* PBXTargetDependency */,
			);
			name = FlixUITests;
			productName = FlixUITests;
			productReference = A7F6291026F19AED00106F3E /* FlixUITests.xctest */;
			productType = "com.apple.product-type.bundle.ui-testing";
		};
/* End PBXNativeTarget section */

/* Begin PBXProject section */
		A7F628E726F19ADE00106F3E /* Project object */ = {
			isa = PBXProject;
			attributes = {
				LastSwiftUpdateCheck = 1240;
				LastUpgradeCheck = 1240;
				TargetAttributes = {
					A7F628EE26F19ADF00106F3E = {
						CreatedOnToolsVersion = 12.4;
					};
					A7F6290426F19AED00106F3E = {
						CreatedOnToolsVersion = 12.4;
						TestTargetID = A7F628EE26F19ADF00106F3E;
					};
					A7F6290F26F19AED00106F3E = {
						CreatedOnToolsVersion = 12.4;
						TestTargetID = A7F628EE26F19ADF00106F3E;
					};
				};
			};
			buildConfigurationList = A7F628EA26F19ADE00106F3E /* Build configuration list for PBXProject "Flix" */;
			compatibilityVersion = "Xcode 9.3";
			developmentRegion = en;
			hasScannedForEncodings = 0;
			knownRegions = (
				en,
				Base,
			);
			mainGroup = A7F628E626F19ADE00106F3E;
			packageReferences = (
				A704C7C926F1C2C00032CA29 /* XCRemoteSwiftPackageReference "AlamofireImage" */,
			);
			productRefGroup = A7F628F026F19ADF00106F3E /* Products */;
			projectDirPath = "";
			projectRoot = "";
			targets = (
				A7F628EE26F19ADF00106F3E /* Flix */,
				A7F6290426F19AED00106F3E /* FlixTests */,
				A7F6290F26F19AED00106F3E /* FlixUITests */,
			);
		};
/* End PBXProject section */

/* Begin PBXResourcesBuildPhase section */
		A7F628ED26F19ADF00106F3E /* Resources */ = {
			isa = PBXResourcesBuildPhase;
			buildActionMask = 2147483647;
			files = (
				A7F628FF26F19AEC00106F3E /* LaunchScreen.storyboard in Resources */,
				A7F628FC26F19AEC00106F3E /* Assets.xcassets in Resources */,
				A7F628FA26F19ADF00106F3E /* Main.storyboard in Resources */,
			);
			runOnlyForDeploymentPostprocessing = 0;
		};
		A7F6290326F19AED00106F3E /* Resources */ = {
			isa = PBXResourcesBuildPhase;
			buildActionMask = 2147483647;
			files = (
			);
			runOnlyForDeploymentPostprocessing = 0;
		};
		A7F6290E26F19AED00106F3E /* Resources */ = {
			isa = PBXResourcesBuildPhase;
			buildActionMask = 2147483647;
			files = (
			);
			runOnlyForDeploymentPostprocessing = 0;
		};
/* End PBXResourcesBuildPhase section */

/* Begin PBXSourcesBuildPhase section */
		A7F628EB26F19ADF00106F3E /* Sources */ = {
			isa = PBXSourcesBuildPhase;
			buildActionMask = 2147483647;
			files = (
				A7F628F726F19ADF00106F3E /* MoviesViewController.swift in Sources */,
				A7F628F326F19ADF00106F3E /* AppDelegate.swift in Sources */,
				A704C7C526F1B66B0032CA29 /* MovieCell.swift in Sources */,
				A7F628F526F19ADF00106F3E /* SceneDelegate.swift in Sources */,
			);
			runOnlyForDeploymentPostprocessing = 0;
		};
		A7F6290126F19AED00106F3E /* Sources */ = {
			isa = PBXSourcesBuildPhase;
			buildActionMask = 2147483647;
			files = (
				A7F6290A26F19AED00106F3E /* FlixTests.swift in Sources */,
			);
			runOnlyForDeploymentPostprocessing = 0;
		};
		A7F6290C26F19AED00106F3E /* Sources */ = {
			isa = PBXSourcesBuildPhase;
			buildActionMask = 2147483647;
			files = (
				A7F6291526F19AED00106F3E /* FlixUITests.swift in Sources */,
			);
			runOnlyForDeploymentPostprocessing = 0;
		};
/* End PBXSourcesBuildPhase section */

/* Begin PBXTargetDependency section */
		A7F6290726F19AED00106F3E /* PBXTargetDependency */ = {
			isa = PBXTargetDependency;
			target = A7F628EE26F19ADF00106F3E /* Flix */;
			targetProxy = A7F6290626F19AED00106F3E /* PBXContainerItemProxy */;
		};
		A7F6291226F19AED00106F3E /* PBXTargetDependency */ = {
			isa = PBXTargetDependency;
			target = A7F628EE26F19ADF00106F3E /* Flix */;
			targetProxy = A7F6291126F19AED00106F3E /* PBXContainerItemProxy */;
		};
/* End PBXTargetDependency section */

/* Begin PBXVariantGroup section */
		A7F628F826F19ADF00106F3E /* Main.storyboard */ = {
			isa = PBXVariantGroup;
			children = (
				A7F628F926F19ADF00106F3E /* Base */,
			);
			name = Main.storyboard;
			sourceTree = "<group>";
		};
		A7F628FD26F19AEC00106F3E /* LaunchScreen.storyboard */ = {
			isa = PBXVariantGroup;
			children = (
				A7F628FE26F19AEC00106F3E /* Base */,
			);
			name = LaunchScreen.storyboard;
			sourceTree = "<group>";
		};
/* End PBXVariantGroup section */

/* Begin XCBuildConfiguration section */
		A7F6291726F19AED00106F3E /* Debug */ = {
			isa = XCBuildConfiguration;
			buildSettings = {
				ALWAYS_SEARCH_USER_PATHS = NO;
				CLANG_ANALYZER_NONNULL = YES;
				CLANG_ANALYZER_NUMBER_OBJECT_CONVERSION = YES_AGGRESSIVE;
				CLANG_CXX_LANGUAGE_STANDARD = "gnu++14";
				CLANG_CXX_LIBRARY = "libc++";
				CLANG_ENABLE_MODULES = YES;
				CLANG_ENABLE_OBJC_ARC = YES;
				CLANG_ENABLE_OBJC_WEAK = YES;
				CLANG_WARN_BLOCK_CAPTURE_AUTORELEASING = YES;
				CLANG_WARN_BOOL_CONVERSION = YES;
				CLANG_WARN_COMMA = YES;
				CLANG_WARN_CONSTANT_CONVERSION = YES;
				CLANG_WARN_DEPRECATED_OBJC_IMPLEMENTATIONS = YES;
				CLANG_WARN_DIRECT_OBJC_ISA_USAGE = YES_ERROR;
				CLANG_WARN_DOCUMENTATION_COMMENTS = YES;
				CLANG_WARN_EMPTY_BODY = YES;
				CLANG_WARN_ENUM_CONVERSION = YES;
				CLANG_WARN_INFINITE_RECURSION = YES;
				CLANG_WARN_INT_CONVERSION = YES;
				CLANG_WARN_NON_LITERAL_NULL_CONVERSION = YES;
				CLANG_WARN_OBJC_IMPLICIT_RETAIN_SELF = YES;
				CLANG_WARN_OBJC_LITERAL_CONVERSION = YES;
				CLANG_WARN_OBJC_ROOT_CLASS = YES_ERROR;
				CLANG_WARN_QUOTED_INCLUDE_IN_FRAMEWORK_HEADER = YES;
				CLANG_WARN_RANGE_LOOP_ANALYSIS = YES;
				CLANG_WARN_STRICT_PROTOTYPES = YES;
				CLANG_WARN_SUSPICIOUS_MOVE = YES;
				CLANG_WARN_UNGUARDED_AVAILABILITY = YES_AGGRESSIVE;
				CLANG_WARN_UNREACHABLE_CODE = YES;
				CLANG_WARN__DUPLICATE_METHOD_MATCH = YES;
				COPY_PHASE_STRIP = NO;
				DEBUG_INFORMATION_FORMAT = dwarf;
				ENABLE_STRICT_OBJC_MSGSEND = YES;
				ENABLE_TESTABILITY = YES;
				GCC_C_LANGUAGE_STANDARD = gnu11;
				GCC_DYNAMIC_NO_PIC = NO;
				GCC_NO_COMMON_BLOCKS = YES;
				GCC_OPTIMIZATION_LEVEL = 0;
				GCC_PREPROCESSOR_DEFINITIONS = (
					"DEBUG=1",
					"$(inherited)",
				);
				GCC_WARN_64_TO_32_BIT_CONVERSION = YES;
				GCC_WARN_ABOUT_RETURN_TYPE = YES_ERROR;
				GCC_WARN_UNDECLARED_SELECTOR = YES;
				GCC_WARN_UNINITIALIZED_AUTOS = YES_AGGRESSIVE;
				GCC_WARN_UNUSED_FUNCTION = YES;
				GCC_WARN_UNUSED_VARIABLE = YES;
				IPHONEOS_DEPLOYMENT_TARGET = 14.4;
				MTL_ENABLE_DEBUG_INFO = INCLUDE_SOURCE;
				MTL_FAST_MATH = YES;
				ONLY_ACTIVE_ARCH = YES;
				SDKROOT = iphoneos;
				SWIFT_ACTIVE_COMPILATION_CONDITIONS = DEBUG;
				SWIFT_OPTIMIZATION_LEVEL = "-Onone";
			};
			name = Debug;
		};
		A7F6291826F19AED00106F3E /* Release */ = {
			isa = XCBuildConfiguration;
			buildSettings = {
				ALWAYS_SEARCH_USER_PATHS = NO;
				CLANG_ANALYZER_NONNULL = YES;
				CLANG_ANALYZER_NUMBER_OBJECT_CONVERSION = YES_AGGRESSIVE;
				CLANG_CXX_LANGUAGE_STANDARD = "gnu++14";
				CLANG_CXX_LIBRARY = "libc++";
				CLANG_ENABLE_MODULES = YES;
				CLANG_ENABLE_OBJC_ARC = YES;
				CLANG_ENABLE_OBJC_WEAK = YES;
				CLANG_WARN_BLOCK_CAPTURE_AUTORELEASING = YES;
				CLANG_WARN_BOOL_CONVERSION = YES;
				CLANG_WARN_COMMA = YES;
				CLANG_WARN_CONSTANT_CONVERSION = YES;
				CLANG_WARN_DEPRECATED_OBJC_IMPLEMENTATIONS = YES;
				CLANG_WARN_DIRECT_OBJC_ISA_USAGE = YES_ERROR;
				CLANG_WARN_DOCUMENTATION_COMMENTS = YES;
				CLANG_WARN_EMPTY_BODY = YES;
				CLANG_WARN_ENUM_CONVERSION = YES;
				CLANG_WARN_INFINITE_RECURSION = YES;
				CLANG_WARN_INT_CONVERSION = YES;
				CLANG_WARN_NON_LITERAL_NULL_CONVERSION = YES;
				CLANG_WARN_OBJC_IMPLICIT_RETAIN_SELF = YES;
				CLANG_WARN_OBJC_LITERAL_CONVERSION = YES;
				CLANG_WARN_OBJC_ROOT_CLASS = YES_ERROR;
				CLANG_WARN_QUOTED_INCLUDE_IN_FRAMEWORK_HEADER = YES;
				CLANG_WARN_RANGE_LOOP_ANALYSIS = YES;
				CLANG_WARN_STRICT_PROTOTYPES = YES;
				CLANG_WARN_SUSPICIOUS_MOVE = YES;
				CLANG_WARN_UNGUARDED_AVAILABILITY = YES_AGGRESSIVE;
				CLANG_WARN_UNREACHABLE_CODE = YES;
				CLANG_WARN__DUPLICATE_METHOD_MATCH = YES;
				COPY_PHASE_STRIP = NO;
				DEBUG_INFORMATION_FORMAT = "dwarf-with-dsym";
				ENABLE_NS_ASSERTIONS = NO;
				ENABLE_STRICT_OBJC_MSGSEND = YES;
				GCC_C_LANGUAGE_STANDARD = gnu11;
				GCC_NO_COMMON_BLOCKS = YES;
				GCC_WARN_64_TO_32_BIT_CONVERSION = YES;
				GCC_WARN_ABOUT_RETURN_TYPE = YES_ERROR;
				GCC_WARN_UNDECLARED_SELECTOR = YES;
				GCC_WARN_UNINITIALIZED_AUTOS = YES_AGGRESSIVE;
				GCC_WARN_UNUSED_FUNCTION = YES;
				GCC_WARN_UNUSED_VARIABLE = YES;
				IPHONEOS_DEPLOYMENT_TARGET = 14.4;
				MTL_ENABLE_DEBUG_INFO = NO;
				MTL_FAST_MATH = YES;
				SDKROOT = iphoneos;
				SWIFT_COMPILATION_MODE = wholemodule;
				SWIFT_OPTIMIZATION_LEVEL = "-O";
				VALIDATE_PRODUCT = YES;
			};
			name = Release;
		};
		A7F6291A26F19AED00106F3E /* Debug */ = {
			isa = XCBuildConfiguration;
			buildSettings = {
				ASSETCATALOG_COMPILER_APPICON_NAME = AppIcon;
				ASSETCATALOG_COMPILER_GLOBAL_ACCENT_COLOR_NAME = AccentColor;
				CODE_SIGN_STYLE = Automatic;
				DEVELOPMENT_TEAM = 3S5HZANKJJ;
				INFOPLIST_FILE = Flix/Info.plist;
				LD_RUNPATH_SEARCH_PATHS = (
					"$(inherited)",
					"@executable_path/Frameworks",
				);
				PRODUCT_BUNDLE_IDENTIFIER = com.bhuvnishah.Flix;
				PRODUCT_NAME = "$(TARGET_NAME)";
				SWIFT_VERSION = 5.0;
				TARGETED_DEVICE_FAMILY = "1,2";
			};
			name = Debug;
		};
		A7F6291B26F19AED00106F3E /* Release */ = {
			isa = XCBuildConfiguration;
			buildSettings = {
				ASSETCATALOG_COMPILER_APPICON_NAME = AppIcon;
				ASSETCATALOG_COMPILER_GLOBAL_ACCENT_COLOR_NAME = AccentColor;
				CODE_SIGN_STYLE = Automatic;
				DEVELOPMENT_TEAM = 3S5HZANKJJ;
				INFOPLIST_FILE = Flix/Info.plist;
				LD_RUNPATH_SEARCH_PATHS = (
					"$(inherited)",
					"@executable_path/Frameworks",
				);
				PRODUCT_BUNDLE_IDENTIFIER = com.bhuvnishah.Flix;
				PRODUCT_NAME = "$(TARGET_NAME)";
				SWIFT_VERSION = 5.0;
				TARGETED_DEVICE_FAMILY = "1,2";
			};
			name = Release;
		};
		A7F6291D26F19AED00106F3E /* Debug */ = {
			isa = XCBuildConfiguration;
			buildSettings = {
				ALWAYS_EMBED_SWIFT_STANDARD_LIBRARIES = YES;
				BUNDLE_LOADER = "$(TEST_HOST)";
				CODE_SIGN_STYLE = Automatic;
				DEVELOPMENT_TEAM = 3S5HZANKJJ;
				INFOPLIST_FILE = FlixTests/Info.plist;
				IPHONEOS_DEPLOYMENT_TARGET = 14.4;
				LD_RUNPATH_SEARCH_PATHS = (
					"$(inherited)",
					"@executable_path/Frameworks",
					"@loader_path/Frameworks",
				);
				PRODUCT_BUNDLE_IDENTIFIER = com.bhuvnishah.FlixTests;
				PRODUCT_NAME = "$(TARGET_NAME)";
				SWIFT_VERSION = 5.0;
				TARGETED_DEVICE_FAMILY = "1,2";
				TEST_HOST = "$(BUILT_PRODUCTS_DIR)/Flix.app/Flix";
			};
			name = Debug;
		};
		A7F6291E26F19AED00106F3E /* Release */ = {
			isa = XCBuildConfiguration;
			buildSettings = {
				ALWAYS_EMBED_SWIFT_STANDARD_LIBRARIES = YES;
				BUNDLE_LOADER = "$(TEST_HOST)";
				CODE_SIGN_STYLE = Automatic;
				DEVELOPMENT_TEAM = 3S5HZANKJJ;
				INFOPLIST_FILE = FlixTests/Info.plist;
				IPHONEOS_DEPLOYMENT_TARGET = 14.4;
				LD_RUNPATH_SEARCH_PATHS = (
					"$(inherited)",
					"@executable_path/Frameworks",
					"@loader_path/Frameworks",
				);
				PRODUCT_BUNDLE_IDENTIFIER = com.bhuvnishah.FlixTests;
				PRODUCT_NAME = "$(TARGET_NAME)";
				SWIFT_VERSION = 5.0;
				TARGETED_DEVICE_FAMILY = "1,2";
				TEST_HOST = "$(BUILT_PRODUCTS_DIR)/Flix.app/Flix";
			};
			name = Release;
		};
		A7F6292026F19AED00106F3E /* Debug */ = {
			isa = XCBuildConfiguration;
			buildSettings = {
				ALWAYS_EMBED_SWIFT_STANDARD_LIBRARIES = YES;
				CODE_SIGN_STYLE = Automatic;
				DEVELOPMENT_TEAM = 3S5HZANKJJ;
				INFOPLIST_FILE = FlixUITests/Info.plist;
				LD_RUNPATH_SEARCH_PATHS = (
					"$(inherited)",
					"@executable_path/Frameworks",
					"@loader_path/Frameworks",
				);
				PRODUCT_BUNDLE_IDENTIFIER = com.bhuvnishah.FlixUITests;
				PRODUCT_NAME = "$(TARGET_NAME)";
				SWIFT_VERSION = 5.0;
				TARGETED_DEVICE_FAMILY = "1,2";
				TEST_TARGET_NAME = Flix;
			};
			name = Debug;
		};
		A7F6292126F19AED00106F3E /* Release */ = {
			isa = XCBuildConfiguration;
			buildSettings = {
				ALWAYS_EMBED_SWIFT_STANDARD_LIBRARIES = YES;
				CODE_SIGN_STYLE = Automatic;
				DEVELOPMENT_TEAM = 3S5HZANKJJ;
				INFOPLIST_FILE = FlixUITests/Info.plist;
				LD_RUNPATH_SEARCH_PATHS = (
					"$(inherited)",
					"@executable_path/Frameworks",
					"@loader_path/Frameworks",
				);
				PRODUCT_BUNDLE_IDENTIFIER = com.bhuvnishah.FlixUITests;
				PRODUCT_NAME = "$(TARGET_NAME)";
				SWIFT_VERSION = 5.0;
				TARGETED_DEVICE_FAMILY = "1,2";
				TEST_TARGET_NAME = Flix;
			};
			name = Release;
		};
/* End XCBuildConfiguration section */

/* Begin XCConfigurationList section */
		A7F628EA26F19ADE00106F3E /* Build configuration list for PBXProject "Flix" */ = {
			isa = XCConfigurationList;
			buildConfigurations = (
				A7F6291726F19AED00106F3E /* Debug */,
				A7F6291826F19AED00106F3E /* Release */,
			);
			defaultConfigurationIsVisible = 0;
			defaultConfigurationName = Release;
		};
		A7F6291926F19AED00106F3E /* Build configuration list for PBXNativeTarget "Flix" */ = {
			isa = XCConfigurationList;
			buildConfigurations = (
				A7F6291A26F19AED00106F3E /* Debug */,
				A7F6291B26F19AED00106F3E /* Release */,
			);
			defaultConfigurationIsVisible = 0;
			defaultConfigurationName = Release;
		};
		A7F6291C26F19AED00106F3E /* Build configuration list for PBXNativeTarget "FlixTests" */ = {
			isa = XCConfigurationList;
			buildConfigurations = (
				A7F6291D26F19AED00106F3E /* Debug */,
				A7F6291E26F19AED00106F3E /* Release */,
			);
			defaultConfigurationIsVisible = 0;
			defaultConfigurationName = Release;
		};
		A7F6291F26F19AED00106F3E /* Build configuration list for PBXNativeTarget "FlixUITests" */ = {
			isa = XCConfigurationList;
			buildConfigurations = (
				A7F6292026F19AED00106F3E /* Debug */,
				A7F6292126F19AED00106F3E /* Release */,
			);
			defaultConfigurationIsVisible = 0;
			defaultConfigurationName = Release;
		};
/* End XCConfigurationList section */

/* Begin XCRemoteSwiftPackageReference section */
		A704C7C926F1C2C00032CA29 /* XCRemoteSwiftPackageReference "AlamofireImage" */ = {
			isa = XCRemoteSwiftPackageReference;
			repositoryURL = "https://github.com/Alamofire/AlamofireImage";
			requirement = {
				kind = upToNextMajorVersion;
				minimumVersion = 4.2.0;
			};
		};
/* End XCRemoteSwiftPackageReference section */

/* Begin XCSwiftPackageProductDependency section */
		A704C7CA26F1C2C00032CA29 /* AlamofireImage */ = {
			isa = XCSwiftPackageProductDependency;
			package = A704C7C926F1C2C00032CA29 /* XCRemoteSwiftPackageReference "AlamofireImage" */;
			productName = AlamofireImage;
		};
/* End XCSwiftPackageProductDependency section */
	};
	rootObject = A7F628E726F19ADE00106F3E /* Project object */;
}
